// !$*UTF8*$!
{
	archiveVersion = 1;
	classes = {
	};
	objectVersion = 56;
	objects = {

/* Begin PBXBuildFile section */
		5912FB622AE4A0CD00333EE8 /* FinanceCloneApp.swift in Sources */ = {isa = PBXBuildFile; fileRef = 5912FB612AE4A0CD00333EE8 /* FinanceCloneApp.swift */; };
		5912FB642AE4A0CD00333EE8 /* ContentView.swift in Sources */ = {isa = PBXBuildFile; fileRef = 5912FB632AE4A0CD00333EE8 /* ContentView.swift */; };
		5912FB662AE4A0CD00333EE8 /* Item.swift in Sources */ = {isa = PBXBuildFile; fileRef = 5912FB652AE4A0CD00333EE8 /* Item.swift */; };
		5912FB682AE4A0CE00333EE8 /* Assets.xcassets in Resources */ = {isa = PBXBuildFile; fileRef = 5912FB672AE4A0CE00333EE8 /* Assets.xcassets */; };
		5912FB6C2AE4A0CE00333EE8 /* Preview Assets.xcassets in Resources */ = {isa = PBXBuildFile; fileRef = 5912FB6B2AE4A0CE00333EE8 /* Preview Assets.xcassets */; };
		5912FB742AE4A34E00333EE8 /* JournalHomeView.swift in Sources */ = {isa = PBXBuildFile; fileRef = 5912FB732AE4A34E00333EE8 /* JournalHomeView.swift */; };
		5912FB772AE4A39F00333EE8 /* Journal.swift in Sources */ = {isa = PBXBuildFile; fileRef = 5912FB762AE4A39F00333EE8 /* Journal.swift */; };
		5912FB7A2AE4AA5000333EE8 /* JournalDetailView.swift in Sources */ = {isa = PBXBuildFile; fileRef = 5912FB792AE4AA5000333EE8 /* JournalDetailView.swift */; };
		5912FB7C2AE4B40500333EE8 /* AddJournalSheetView.swift in Sources */ = {isa = PBXBuildFile; fileRef = 5912FB7B2AE4B40500333EE8 /* AddJournalSheetView.swift */; };
		59A6E29F2AE59690002ECDBE /* ModelContainer.swift in Sources */ = {isa = PBXBuildFile; fileRef = 59A6E29E2AE59690002ECDBE /* ModelContainer.swift */; };
		59A6E2A12AE5A8E5002ECDBE /* SettingsView.swift in Sources */ = {isa = PBXBuildFile; fileRef = 59A6E2A02AE5A8E5002ECDBE /* SettingsView.swift */; };
		59A6E2A32AE5A9B2002ECDBE /* CustomListRowView.swift in Sources */ = {isa = PBXBuildFile; fileRef = 59A6E2A22AE5A9B2002ECDBE /* CustomListRowView.swift */; };
		59A6E2A72AE5C2D2002ECDBE /* CloudSyncView.swift in Sources */ = {isa = PBXBuildFile; fileRef = 59A6E2A62AE5C2D2002ECDBE /* CloudSyncView.swift */; };
		59A6E2A92AE5C543002ECDBE /* Extensions.swift in Sources */ = {isa = PBXBuildFile; fileRef = 59A6E2A82AE5C543002ECDBE /* Extensions.swift */; };
		59A6E2AB2AE5CC00002ECDBE /* ResetActionSheet.swift in Sources */ = {isa = PBXBuildFile; fileRef = 59A6E2AA2AE5CC00002ECDBE /* ResetActionSheet.swift */; };
		59D5EA3C2AE4C0DD00AA36D0 /* TransactionPageView.swift in Sources */ = {isa = PBXBuildFile; fileRef = 59D5EA3B2AE4C0DD00AA36D0 /* TransactionPageView.swift */; };
		59D5EA3F2AE4C8B700AA36D0 /* Account.swift in Sources */ = {isa = PBXBuildFile; fileRef = 59D5EA3E2AE4C8B700AA36D0 /* Account.swift */; };
		59D5EA412AE4D17400AA36D0 /* TransactionActionSheet.swift in Sources */ = {isa = PBXBuildFile; fileRef = 59D5EA402AE4D17400AA36D0 /* TransactionActionSheet.swift */; };
		59D5EA432AE4D1BF00AA36D0 /* AccountsActionSheet.swift in Sources */ = {isa = PBXBuildFile; fileRef = 59D5EA422AE4D1BF00AA36D0 /* AccountsActionSheet.swift */; };
		59D5EA452AE4D1DD00AA36D0 /* CurrencyActionSheet.swift in Sources */ = {isa = PBXBuildFile; fileRef = 59D5EA442AE4D1DD00AA36D0 /* CurrencyActionSheet.swift */; };
/* End PBXBuildFile section */

/* Begin PBXFileReference section */
		5912FB5E2AE4A0CD00333EE8 /* FinanceClone.app */ = {isa = PBXFileReference; explicitFileType = wrapper.application; includeInIndex = 0; path = FinanceClone.app; sourceTree = BUILT_PRODUCTS_DIR; };
		5912FB612AE4A0CD00333EE8 /* FinanceCloneApp.swift */ = {isa = PBXFileReference; lastKnownFileType = sourcecode.swift; path = FinanceCloneApp.swift; sourceTree = "<group>"; };
		5912FB632AE4A0CD00333EE8 /* ContentView.swift */ = {isa = PBXFileReference; lastKnownFileType = sourcecode.swift; path = ContentView.swift; sourceTree = "<group>"; };
		5912FB652AE4A0CD00333EE8 /* Item.swift */ = {isa = PBXFileReference; lastKnownFileType = sourcecode.swift; path = Item.swift; sourceTree = "<group>"; };
		5912FB672AE4A0CE00333EE8 /* Assets.xcassets */ = {isa = PBXFileReference; lastKnownFileType = folder.assetcatalog; path = Assets.xcassets; sourceTree = "<group>"; };
		5912FB692AE4A0CE00333EE8 /* FinanceClone.entitlements */ = {isa = PBXFileReference; lastKnownFileType = text.plist.entitlements; path = FinanceClone.entitlements; sourceTree = "<group>"; };
		5912FB6B2AE4A0CE00333EE8 /* Preview Assets.xcassets */ = {isa = PBXFileReference; lastKnownFileType = folder.assetcatalog; path = "Preview Assets.xcassets"; sourceTree = "<group>"; };
		5912FB6D2AE4A0CE00333EE8 /* Info.plist */ = {isa = PBXFileReference; lastKnownFileType = text.plist.xml; path = Info.plist; sourceTree = "<group>"; };
		5912FB732AE4A34E00333EE8 /* JournalHomeView.swift */ = {isa = PBXFileReference; lastKnownFileType = sourcecode.swift; path = JournalHomeView.swift; sourceTree = "<group>"; };
		5912FB762AE4A39F00333EE8 /* Journal.swift */ = {isa = PBXFileReference; lastKnownFileType = sourcecode.swift; path = Journal.swift; sourceTree = "<group>"; };
		5912FB792AE4AA5000333EE8 /* JournalDetailView.swift */ = {isa = PBXFileReference; lastKnownFileType = sourcecode.swift; path = JournalDetailView.swift; sourceTree = "<group>"; };
		5912FB7B2AE4B40500333EE8 /* AddJournalSheetView.swift */ = {isa = PBXFileReference; lastKnownFileType = sourcecode.swift; path = AddJournalSheetView.swift; sourceTree = "<group>"; };
		59A6E29E2AE59690002ECDBE /* ModelContainer.swift */ = {isa = PBXFileReference; lastKnownFileType = sourcecode.swift; path = ModelContainer.swift; sourceTree = "<group>"; };
		59A6E2A02AE5A8E5002ECDBE /* SettingsView.swift */ = {isa = PBXFileReference; lastKnownFileType = sourcecode.swift; path = SettingsView.swift; sourceTree = "<group>"; };
		59A6E2A22AE5A9B2002ECDBE /* CustomListRowView.swift */ = {isa = PBXFileReference; lastKnownFileType = sourcecode.swift; path = CustomListRowView.swift; sourceTree = "<group>"; };
		59A6E2A62AE5C2D2002ECDBE /* CloudSyncView.swift */ = {isa = PBXFileReference; lastKnownFileType = sourcecode.swift; path = CloudSyncView.swift; sourceTree = "<group>"; };
		59A6E2A82AE5C543002ECDBE /* Extensions.swift */ = {isa = PBXFileReference; lastKnownFileType = sourcecode.swift; path = Extensions.swift; sourceTree = "<group>"; };
		59A6E2AA2AE5CC00002ECDBE /* ResetActionSheet.swift */ = {isa = PBXFileReference; lastKnownFileType = sourcecode.swift; path = ResetActionSheet.swift; sourceTree = "<group>"; };
		59D5EA3B2AE4C0DD00AA36D0 /* TransactionPageView.swift */ = {isa = PBXFileReference; lastKnownFileType = sourcecode.swift; path = TransactionPageView.swift; sourceTree = "<group>"; };
		59D5EA3E2AE4C8B700AA36D0 /* Account.swift */ = {isa = PBXFileReference; lastKnownFileType = sourcecode.swift; path = Account.swift; sourceTree = "<group>"; };
		59D5EA402AE4D17400AA36D0 /* TransactionActionSheet.swift */ = {isa = PBXFileReference; lastKnownFileType = sourcecode.swift; path = TransactionActionSheet.swift; sourceTree = "<group>"; };
		59D5EA422AE4D1BF00AA36D0 /* AccountsActionSheet.swift */ = {isa = PBXFileReference; lastKnownFileType = sourcecode.swift; path = AccountsActionSheet.swift; sourceTree = "<group>"; };
		59D5EA442AE4D1DD00AA36D0 /* CurrencyActionSheet.swift */ = {isa = PBXFileReference; lastKnownFileType = sourcecode.swift; path = CurrencyActionSheet.swift; sourceTree = "<group>"; };
/* End PBXFileReference section */

/* Begin PBXFrameworksBuildPhase section */
		5912FB5B2AE4A0CD00333EE8 /* Frameworks */ = {
			isa = PBXFrameworksBuildPhase;
			buildActionMask = 2147483647;
			files = (
			);
			runOnlyForDeploymentPostprocessing = 0;
		};
/* End PBXFrameworksBuildPhase section */

/* Begin PBXGroup section */
		5912FB552AE4A0CD00333EE8 = {
			isa = PBXGroup;
			children = (
				5912FB602AE4A0CD00333EE8 /* FinanceClone */,
				5912FB5F2AE4A0CD00333EE8 /* Products */,
			);
			sourceTree = "<group>";
		};
		5912FB5F2AE4A0CD00333EE8 /* Products */ = {
			isa = PBXGroup;
			children = (
				5912FB5E2AE4A0CD00333EE8 /* FinanceClone.app */,
			);
			name = Products;
			sourceTree = "<group>";
		};
		5912FB602AE4A0CD00333EE8 /* FinanceClone */ = {
			isa = PBXGroup;
			children = (
				5912FB612AE4A0CD00333EE8 /* FinanceCloneApp.swift */,
				5912FB672AE4A0CE00333EE8 /* Assets.xcassets */,
				5912FB632AE4A0CD00333EE8 /* ContentView.swift */,
				59A6E2A52AE5AB15002ECDBE /* Settings */,
				5912FB752AE4A35200333EE8 /* Journal */,
				59D5EA3D2AE4C0E300AA36D0 /* Transaction */,
				5912FB782AE4A3C200333EE8 /* Model */,
				59A6E29D2AE5967E002ECDBE /* Containers */,
				59A6E2A42AE5A9B7002ECDBE /* Helpers */,
				5912FB692AE4A0CE00333EE8 /* FinanceClone.entitlements */,
				5912FB6D2AE4A0CE00333EE8 /* Info.plist */,
				5912FB6A2AE4A0CE00333EE8 /* Preview Content */,
			);
			path = FinanceClone;
			sourceTree = "<group>";
		};
		5912FB6A2AE4A0CE00333EE8 /* Preview Content */ = {
			isa = PBXGroup;
			children = (
				5912FB6B2AE4A0CE00333EE8 /* Preview Assets.xcassets */,
			);
			path = "Preview Content";
			sourceTree = "<group>";
		};
		5912FB752AE4A35200333EE8 /* Journal */ = {
			isa = PBXGroup;
			children = (
				5912FB732AE4A34E00333EE8 /* JournalHomeView.swift */,
				5912FB792AE4AA5000333EE8 /* JournalDetailView.swift */,
				5912FB7B2AE4B40500333EE8 /* AddJournalSheetView.swift */,
				59D5EA402AE4D17400AA36D0 /* TransactionActionSheet.swift */,
				59D5EA422AE4D1BF00AA36D0 /* AccountsActionSheet.swift */,
				59D5EA442AE4D1DD00AA36D0 /* CurrencyActionSheet.swift */,
			);
			path = Journal;
			sourceTree = "<group>";
		};
		5912FB782AE4A3C200333EE8 /* Model */ = {
			isa = PBXGroup;
			children = (
				5912FB652AE4A0CD00333EE8 /* Item.swift */,
				5912FB762AE4A39F00333EE8 /* Journal.swift */,
				59D5EA3E2AE4C8B700AA36D0 /* Account.swift */,
			);
			path = Model;
			sourceTree = "<group>";
		};
		59A6E29D2AE5967E002ECDBE /* Containers */ = {
			isa = PBXGroup;
			children = (
				59A6E29E2AE59690002ECDBE /* ModelContainer.swift */,
			);
			path = Containers;
			sourceTree = "<group>";
		};
		59A6E2A42AE5A9B7002ECDBE /* Helpers */ = {
			isa = PBXGroup;
			children = (
				59A6E2A22AE5A9B2002ECDBE /* CustomListRowView.swift */,
				59A6E2A82AE5C543002ECDBE /* Extensions.swift */,
			);
			path = Helpers;
			sourceTree = "<group>";
		};
		59A6E2A52AE5AB15002ECDBE /* Settings */ = {
			isa = PBXGroup;
			children = (
				59A6E2A02AE5A8E5002ECDBE /* SettingsView.swift */,
				59A6E2A62AE5C2D2002ECDBE /* CloudSyncView.swift */,
				59A6E2AA2AE5CC00002ECDBE /* ResetActionSheet.swift */,
			);
			path = Settings;
			sourceTree = "<group>";
		};
		59D5EA3D2AE4C0E300AA36D0 /* Transaction */ = {
			isa = PBXGroup;
			children = (
				59D5EA3B2AE4C0DD00AA36D0 /* TransactionPageView.swift */,
			);
			path = Transaction;
			sourceTree = "<group>";
		};
/* End PBXGroup section */

/* Begin PBXNativeTarget section */
		5912FB5D2AE4A0CD00333EE8 /* FinanceClone */ = {
			isa = PBXNativeTarget;
			buildConfigurationList = 5912FB702AE4A0CE00333EE8 /* Build configuration list for PBXNativeTarget "FinanceClone" */;
			buildPhases = (
				5912FB5A2AE4A0CD00333EE8 /* Sources */,
				5912FB5B2AE4A0CD00333EE8 /* Frameworks */,
				5912FB5C2AE4A0CD00333EE8 /* Resources */,
			);
			buildRules = (
			);
			dependencies = (
			);
			name = FinanceClone;
			productName = FinanceClone;
			productReference = 5912FB5E2AE4A0CD00333EE8 /* FinanceClone.app */;
			productType = "com.apple.product-type.application";
		};
/* End PBXNativeTarget section */

/* Begin PBXProject section */
		5912FB562AE4A0CD00333EE8 /* Project object */ = {
			isa = PBXProject;
			attributes = {
				BuildIndependentTargetsInParallel = 1;
				LastSwiftUpdateCheck = 1500;
				LastUpgradeCheck = 1500;
				TargetAttributes = {
					5912FB5D2AE4A0CD00333EE8 = {
						CreatedOnToolsVersion = 15.0.1;
					};
				};
			};
			buildConfigurationList = 5912FB592AE4A0CD00333EE8 /* Build configuration list for PBXProject "FinanceClone" */;
			compatibilityVersion = "Xcode 14.0";
			developmentRegion = en;
			hasScannedForEncodings = 0;
			knownRegions = (
				en,
				Base,
			);
			mainGroup = 5912FB552AE4A0CD00333EE8;
			productRefGroup = 5912FB5F2AE4A0CD00333EE8 /* Products */;
			projectDirPath = "";
			projectRoot = "";
			targets = (
				5912FB5D2AE4A0CD00333EE8 /* FinanceClone */,
			);
		};
/* End PBXProject section */

/* Begin PBXResourcesBuildPhase section */
		5912FB5C2AE4A0CD00333EE8 /* Resources */ = {
			isa = PBXResourcesBuildPhase;
			buildActionMask = 2147483647;
			files = (
				5912FB6C2AE4A0CE00333EE8 /* Preview Assets.xcassets in Resources */,
				5912FB682AE4A0CE00333EE8 /* Assets.xcassets in Resources */,
			);
			runOnlyForDeploymentPostprocessing = 0;
		};
/* End PBXResourcesBuildPhase section */

/* Begin PBXSourcesBuildPhase section */
		5912FB5A2AE4A0CD00333EE8 /* Sources */ = {
			isa = PBXSourcesBuildPhase;
			buildActionMask = 2147483647;
			files = (
				59D5EA432AE4D1BF00AA36D0 /* AccountsActionSheet.swift in Sources */,
				5912FB642AE4A0CD00333EE8 /* ContentView.swift in Sources */,
				5912FB772AE4A39F00333EE8 /* Journal.swift in Sources */,
				5912FB662AE4A0CD00333EE8 /* Item.swift in Sources */,
				5912FB622AE4A0CD00333EE8 /* FinanceCloneApp.swift in Sources */,
				59A6E29F2AE59690002ECDBE /* ModelContainer.swift in Sources */,
				59D5EA412AE4D17400AA36D0 /* TransactionActionSheet.swift in Sources */,
				59A6E2A32AE5A9B2002ECDBE /* CustomListRowView.swift in Sources */,
				59A6E2A12AE5A8E5002ECDBE /* SettingsView.swift in Sources */,
				59D5EA452AE4D1DD00AA36D0 /* CurrencyActionSheet.swift in Sources */,
				59D5EA3C2AE4C0DD00AA36D0 /* TransactionPageView.swift in Sources */,
				59D5EA3F2AE4C8B700AA36D0 /* Account.swift in Sources */,
				5912FB742AE4A34E00333EE8 /* JournalHomeView.swift in Sources */,
				59A6E2A72AE5C2D2002ECDBE /* CloudSyncView.swift in Sources */,
				59A6E2A92AE5C543002ECDBE /* Extensions.swift in Sources */,
				59A6E2AB2AE5CC00002ECDBE /* ResetActionSheet.swift in Sources */,
				5912FB7A2AE4AA5000333EE8 /* JournalDetailView.swift in Sources */,
				5912FB7C2AE4B40500333EE8 /* AddJournalSheetView.swift in Sources */,
			);
			runOnlyForDeploymentPostprocessing = 0;
		};
/* End PBXSourcesBuildPhase section */

/* Begin XCBuildConfiguration section */
		5912FB6E2AE4A0CE00333EE8 /* Debug */ = {
			isa = XCBuildConfiguration;
			buildSettings = {
				ALWAYS_SEARCH_USER_PATHS = NO;
				ASSETCATALOG_COMPILER_GENERATE_SWIFT_ASSET_SYMBOL_EXTENSIONS = YES;
				CLANG_ANALYZER_NONNULL = YES;
				CLANG_ANALYZER_NUMBER_OBJECT_CONVERSION = YES_AGGRESSIVE;
				CLANG_CXX_LANGUAGE_STANDARD = "gnu++20";
				CLANG_ENABLE_MODULES = YES;
				CLANG_ENABLE_OBJC_ARC = YES;
				CLANG_ENABLE_OBJC_WEAK = YES;
				CLANG_WARN_BLOCK_CAPTURE_AUTORELEASING = YES;
				CLANG_WARN_BOOL_CONVERSION = YES;
				CLANG_WARN_COMMA = YES;
				CLANG_WARN_CONSTANT_CONVERSION = YES;
				CLANG_WARN_DEPRECATED_OBJC_IMPLEMENTATIONS = YES;
				CLANG_WARN_DIRECT_OBJC_ISA_USAGE = YES_ERROR;
				CLANG_WARN_DOCUMENTATION_COMMENTS = YES;
				CLANG_WARN_EMPTY_BODY = YES;
				CLANG_WARN_ENUM_CONVERSION = YES;
				CLANG_WARN_INFINITE_RECURSION = YES;
				CLANG_WARN_INT_CONVERSION = YES;
				CLANG_WARN_NON_LITERAL_NULL_CONVERSION = YES;
				CLANG_WARN_OBJC_IMPLICIT_RETAIN_SELF = YES;
				CLANG_WARN_OBJC_LITERAL_CONVERSION = YES;
				CLANG_WARN_OBJC_ROOT_CLASS = YES_ERROR;
				CLANG_WARN_QUOTED_INCLUDE_IN_FRAMEWORK_HEADER = YES;
				CLANG_WARN_RANGE_LOOP_ANALYSIS = YES;
				CLANG_WARN_STRICT_PROTOTYPES = YES;
				CLANG_WARN_SUSPICIOUS_MOVE = YES;
				CLANG_WARN_UNGUARDED_AVAILABILITY = YES_AGGRESSIVE;
				CLANG_WARN_UNREACHABLE_CODE = YES;
				CLANG_WARN__DUPLICATE_METHOD_MATCH = YES;
				COPY_PHASE_STRIP = NO;
				DEBUG_INFORMATION_FORMAT = dwarf;
				ENABLE_STRICT_OBJC_MSGSEND = YES;
				ENABLE_TESTABILITY = YES;
				ENABLE_USER_SCRIPT_SANDBOXING = YES;
				GCC_C_LANGUAGE_STANDARD = gnu17;
				GCC_DYNAMIC_NO_PIC = NO;
				GCC_NO_COMMON_BLOCKS = YES;
				GCC_OPTIMIZATION_LEVEL = 0;
				GCC_PREPROCESSOR_DEFINITIONS = (
					"DEBUG=1",
					"$(inherited)",
				);
				GCC_WARN_64_TO_32_BIT_CONVERSION = YES;
				GCC_WARN_ABOUT_RETURN_TYPE = YES_ERROR;
				GCC_WARN_UNDECLARED_SELECTOR = YES;
				GCC_WARN_UNINITIALIZED_AUTOS = YES_AGGRESSIVE;
				GCC_WARN_UNUSED_FUNCTION = YES;
				GCC_WARN_UNUSED_VARIABLE = YES;
				IPHONEOS_DEPLOYMENT_TARGET = 17.0;
				LOCALIZATION_PREFERS_STRING_CATALOGS = YES;
				MTL_ENABLE_DEBUG_INFO = INCLUDE_SOURCE;
				MTL_FAST_MATH = YES;
				ONLY_ACTIVE_ARCH = YES;
				SWIFT_ACTIVE_COMPILATION_CONDITIONS = "DEBUG $(inherited)";
				SWIFT_OPTIMIZATION_LEVEL = "-Onone";
			};
			name = Debug;
		};
		5912FB6F2AE4A0CE00333EE8 /* Release */ = {
			isa = XCBuildConfiguration;
			buildSettings = {
				ALWAYS_SEARCH_USER_PATHS = NO;
				ASSETCATALOG_COMPILER_GENERATE_SWIFT_ASSET_SYMBOL_EXTENSIONS = YES;
				CLANG_ANALYZER_NONNULL = YES;
				CLANG_ANALYZER_NUMBER_OBJECT_CONVERSION = YES_AGGRESSIVE;
				CLANG_CXX_LANGUAGE_STANDARD = "gnu++20";
				CLANG_ENABLE_MODULES = YES;
				CLANG_ENABLE_OBJC_ARC = YES;
				CLANG_ENABLE_OBJC_WEAK = YES;
				CLANG_WARN_BLOCK_CAPTURE_AUTORELEASING = YES;
				CLANG_WARN_BOOL_CONVERSION = YES;
				CLANG_WARN_COMMA = YES;
				CLANG_WARN_CONSTANT_CONVERSION = YES;
				CLANG_WARN_DEPRECATED_OBJC_IMPLEMENTATIONS = YES;
				CLANG_WARN_DIRECT_OBJC_ISA_USAGE = YES_ERROR;
				CLANG_WARN_DOCUMENTATION_COMMENTS = YES;
				CLANG_WARN_EMPTY_BODY = YES;
				CLANG_WARN_ENUM_CONVERSION = YES;
				CLANG_WARN_INFINITE_RECURSION = YES;
				CLANG_WARN_INT_CONVERSION = YES;
				CLANG_WARN_NON_LITERAL_NULL_CONVERSION = YES;
				CLANG_WARN_OBJC_IMPLICIT_RETAIN_SELF = YES;
				CLANG_WARN_OBJC_LITERAL_CONVERSION = YES;
				CLANG_WARN_OBJC_ROOT_CLASS = YES_ERROR;
				CLANG_WARN_QUOTED_INCLUDE_IN_FRAMEWORK_HEADER = YES;
				CLANG_WARN_RANGE_LOOP_ANALYSIS = YES;
				CLANG_WARN_STRICT_PROTOTYPES = YES;
				CLANG_WARN_SUSPICIOUS_MOVE = YES;
				CLANG_WARN_UNGUARDED_AVAILABILITY = YES_AGGRESSIVE;
				CLANG_WARN_UNREACHABLE_CODE = YES;
				CLANG_WARN__DUPLICATE_METHOD_MATCH = YES;
				COPY_PHASE_STRIP = NO;
				DEBUG_INFORMATION_FORMAT = "dwarf-with-dsym";
				ENABLE_NS_ASSERTIONS = NO;
				ENABLE_STRICT_OBJC_MSGSEND = YES;
				ENABLE_USER_SCRIPT_SANDBOXING = YES;
				GCC_C_LANGUAGE_STANDARD = gnu17;
				GCC_NO_COMMON_BLOCKS = YES;
				GCC_WARN_64_TO_32_BIT_CONVERSION = YES;
				GCC_WARN_ABOUT_RETURN_TYPE = YES_ERROR;
				GCC_WARN_UNDECLARED_SELECTOR = YES;
				GCC_WARN_UNINITIALIZED_AUTOS = YES_AGGRESSIVE;
				GCC_WARN_UNUSED_FUNCTION = YES;
				GCC_WARN_UNUSED_VARIABLE = YES;
				IPHONEOS_DEPLOYMENT_TARGET = 17.0;
				LOCALIZATION_PREFERS_STRING_CATALOGS = YES;
				MTL_ENABLE_DEBUG_INFO = NO;
				MTL_FAST_MATH = YES;
				SWIFT_COMPILATION_MODE = wholemodule;
			};
			name = Release;
		};
		5912FB712AE4A0CE00333EE8 /* Debug */ = {
			isa = XCBuildConfiguration;
			buildSettings = {
				ASSETCATALOG_COMPILER_APPICON_NAME = AppIcon;
				ASSETCATALOG_COMPILER_GLOBAL_ACCENT_COLOR_NAME = AccentColor;
				ASSETCATALOG_COMPILER_INCLUDE_ALL_APPICON_ASSETS = NO;
				CODE_SIGN_ENTITLEMENTS = FinanceClone/FinanceClone.entitlements;
				CODE_SIGN_STYLE = Automatic;
				CURRENT_PROJECT_VERSION = 1;
				DEVELOPMENT_ASSET_PATHS = "\"FinanceClone/Preview Content\"";
				DEVELOPMENT_TEAM = K3URZZFDQP;
				ENABLE_HARDENED_RUNTIME = YES;
				ENABLE_PREVIEWS = YES;
				GENERATE_INFOPLIST_FILE = YES;
				INFOPLIST_FILE = FinanceClone/Info.plist;
				INFOPLIST_KEY_CFBundleDisplayName = FinanceClone;
				INFOPLIST_KEY_LSApplicationCategoryType = "public.app-category.finance";
				"INFOPLIST_KEY_UIApplicationSceneManifest_Generation[sdk=iphoneos*]" = YES;
				"INFOPLIST_KEY_UIApplicationSceneManifest_Generation[sdk=iphonesimulator*]" = YES;
				"INFOPLIST_KEY_UIApplicationSupportsIndirectInputEvents[sdk=iphoneos*]" = YES;
				"INFOPLIST_KEY_UIApplicationSupportsIndirectInputEvents[sdk=iphonesimulator*]" = YES;
				"INFOPLIST_KEY_UILaunchScreen_Generation[sdk=iphoneos*]" = YES;
				"INFOPLIST_KEY_UILaunchScreen_Generation[sdk=iphonesimulator*]" = YES;
				"INFOPLIST_KEY_UIStatusBarStyle[sdk=iphoneos*]" = UIStatusBarStyleDefault;
				"INFOPLIST_KEY_UIStatusBarStyle[sdk=iphonesimulator*]" = UIStatusBarStyleDefault;
				INFOPLIST_KEY_UISupportedInterfaceOrientations = UIInterfaceOrientationPortrait;
				IPHONEOS_DEPLOYMENT_TARGET = 17.0;
				LD_RUNPATH_SEARCH_PATHS = "@executable_path/Frameworks";
				"LD_RUNPATH_SEARCH_PATHS[sdk=macosx*]" = "@executable_path/../Frameworks";
				MARKETING_VERSION = 1.0;
				PRODUCT_BUNDLE_IDENTIFIER = dev.tugan.demo.FinanceClone;
				PRODUCT_NAME = "$(TARGET_NAME)";
				SDKROOT = auto;
				SUPPORTED_PLATFORMS = "iphoneos iphonesimulator";
				SUPPORTS_MACCATALYST = NO;
				SWIFT_EMIT_LOC_STRINGS = YES;
				SWIFT_VERSION = 5.0;
				TARGETED_DEVICE_FAMILY = 1;
			};
			name = Debug;
		};
		5912FB722AE4A0CE00333EE8 /* Release */ = {
			isa = XCBuildConfiguration;
			buildSettings = {
				ASSETCATALOG_COMPILER_APPICON_NAME = AppIcon;
				ASSETCATALOG_COMPILER_GLOBAL_ACCENT_COLOR_NAME = AccentColor;
				ASSETCATALOG_COMPILER_INCLUDE_ALL_APPICON_ASSETS = NO;
				CODE_SIGN_ENTITLEMENTS = FinanceClone/FinanceClone.entitlements;
				CODE_SIGN_STYLE = Automatic;
				CURRENT_PROJECT_VERSION = 1;
				DEVELOPMENT_ASSET_PATHS = "\"FinanceClone/Preview Content\"";
				DEVELOPMENT_TEAM = K3URZZFDQP;
				ENABLE_HARDENED_RUNTIME = YES;
				ENABLE_PREVIEWS = YES;
				GENERATE_INFOPLIST_FILE = YES;
				INFOPLIST_FILE = FinanceClone/Info.plist;
				INFOPLIST_KEY_CFBundleDisplayName = FinanceClone;
				INFOPLIST_KEY_LSApplicationCategoryType = "public.app-category.finance";
				"INFOPLIST_KEY_UIApplicationSceneManifest_Generation[sdk=iphoneos*]" = YES;
				"INFOPLIST_KEY_UIApplicationSceneManifest_Generation[sdk=iphonesimulator*]" = YES;
				"INFOPLIST_KEY_UIApplicationSupportsIndirectInputEvents[sdk=iphoneos*]" = YES;
				"INFOPLIST_KEY_UIApplicationSupportsIndirectInputEvents[sdk=iphonesimulator*]" = YES;
				"INFOPLIST_KEY_UILaunchScreen_Generation[sdk=iphoneos*]" = YES;
				"INFOPLIST_KEY_UILaunchScreen_Generation[sdk=iphonesimulator*]" = YES;
				"INFOPLIST_KEY_UIStatusBarStyle[sdk=iphoneos*]" = UIStatusBarStyleDefault;
				"INFOPLIST_KEY_UIStatusBarStyle[sdk=iphonesimulator*]" = UIStatusBarStyleDefault;
				INFOPLIST_KEY_UISupportedInterfaceOrientations = UIInterfaceOrientationPortrait;
				IPHONEOS_DEPLOYMENT_TARGET = 17.0;
				LD_RUNPATH_SEARCH_PATHS = "@executable_path/Frameworks";
				"LD_RUNPATH_SEARCH_PATHS[sdk=macosx*]" = "@executable_path/../Frameworks";
				MARKETING_VERSION = 1.0;
				PRODUCT_BUNDLE_IDENTIFIER = dev.tugan.demo.FinanceClone;
				PRODUCT_NAME = "$(TARGET_NAME)";
				SDKROOT = auto;
				SUPPORTED_PLATFORMS = "iphoneos iphonesimulator";
				SUPPORTS_MACCATALYST = NO;
				SWIFT_EMIT_LOC_STRINGS = YES;
				SWIFT_VERSION = 5.0;
				TARGETED_DEVICE_FAMILY = 1;
			};
			name = Release;
		};
/* End XCBuildConfiguration section */

/* Begin XCConfigurationList section */
		5912FB592AE4A0CD00333EE8 /* Build configuration list for PBXProject "FinanceClone" */ = {
			isa = XCConfigurationList;
			buildConfigurations = (
				5912FB6E2AE4A0CE00333EE8 /* Debug */,
				5912FB6F2AE4A0CE00333EE8 /* Release */,
			);
			defaultConfigurationIsVisible = 0;
			defaultConfigurationName = Release;
		};
		5912FB702AE4A0CE00333EE8 /* Build configuration list for PBXNativeTarget "FinanceClone" */ = {
			isa = XCConfigurationList;
			buildConfigurations = (
				5912FB712AE4A0CE00333EE8 /* Debug */,
				5912FB722AE4A0CE00333EE8 /* Release */,
			);
			defaultConfigurationIsVisible = 0;
			defaultConfigurationName = Release;
		};
/* End XCConfigurationList section */
	};
	rootObject = 5912FB562AE4A0CD00333EE8 /* Project object */;
}
